github.com/go-msvc/errors v1.2.0 h1:fTZypG1qs7lDtYfGYKDey62lMCT5ClsyxeMysrxNo0g=
github.com/go-msvc/errors v1.2.0/go.mod h1:dbMiCuWpUiARCkC19IDEpcGIx11VYWq1+vGfF0NAenA=
github.com/go-msvc/utils v0.0.0-20221018100505-45c6828a2cde h1:O/4zXGz4dRiuUNX38olRR2RAoFC0+bPDoPIiYZKFQCA=
github.com/go-msvc/utils v0.0.0-20221018100505-45c6828a2cde/go.mod h1:dqz86ud7d/Ga2RcL50dQ9HRl2Ad6uzpPKoJsaTcb5Ys=
github.com/stewelarend/logger v0.0.4 h1:U+FhNJgbEA5YKUlSLhvk7UaPYjnuBQPkMbQvEKV9Fb8=
github.com/stewelarend/logger v0.0.4/go.mod h1:9N9cjtsb9vHO+Noy17MDNMmH4fL1jBpGJ2HIxQyljvo=
